
Microsoft Visual Studio Solution File, Format Version 12.00
# Visual Studio 15
VisualStudioVersion = 15.0.27703.2018
MinimumVisualStudioVersion = 10.0.40219.1
Project("{FAE04EC0-301F-11D3-BF4B-00C04F79EFBC}") = "SCTest", "SCTest\SCTest.csproj", "{7663EC0D-CB19-44C5-9379-CCA616AFDB70}"
EndProject
Global
	GlobalSection(SolutionConfigurationPlatforms) = preSolution
		Debug|Any CPU = Debug|Any CPU
		Release|Any CPU = Release|Any CPU
	EndGlobalSection
	GlobalSection(ProjectConfigurationPlatforms) = postSolution
		{7663EC0D-CB19-44C5-9379-CCA616AFDB70}.Debug|Any CPU.ActiveCfg = Debug|Any CPU
		{7663EC0D-CB19-44C5-9379-CCA616AFDB70}.Debug|Any CPU.Build.0 = Debug|Any CPU
		{7663EC0D-CB19-44C5-9379-CCA616AFDB70}.Release|Any CPU.ActiveCfg = Release|Any CPU
		{7663EC0D-CB19-44C5-9379-CCA616AFDB70}.Release|Any CPU.Build.0 = Release|Any CPU
	EndGlobalSection
	GlobalSection(SolutionProperties) = preSolution
		HideSolutionNode = FALSE
	EndGlobalSection
	GlobalSection(ExtensibilityGlobals) = postSolution
		SolutionGuid = {DA294F89-ECB4-4FEF-AAA0-780D4FCF4E44}
	EndGlobalSection
EndGlobal
